
Microsoft Visual Studio Solution File, Format Version 12.00
# Visual Studio Version 17
VisualStudioVersion = 17.14.37614.0 d17.14
MinimumVisualStudioVersion = 10.0.40219.1
Project("{FAE04EC0-301F-11D3-BF4B-00C04F79EFBC}") = "26031022_Leejoohan_SelfIntroduction", "26031022_Leejoohan_SelfIntroduction.csproj", "{87055061-05E1-44C2-987C-01168505D9F5}"
EndProject
Global
	GlobalSection(SolutionConfigurationPlatforms) = preSolution
		Debug|Any CPU = Debug|Any CPU
		Release|Any CPU = Release|Any CPU
	EndGlobalSection
	GlobalSection(ProjectConfigurationPlatforms) = postSolution
		{87055061-05E1-44C2-987C-01168505D9F5}.Debug|Any CPU.ActiveCfg = Debug|Any CPU
		{87055061-05E1-44C2-987C-01168505D9F5}.Debug|Any CPU.Build.0 = Debug|Any CPU
		{87055061-05E1-44C2-987C-01168505D9F5}.Release|Any CPU.ActiveCfg = Release|Any CPU
		{87055061-05E1-44C2-987C-01168505D9F5}.Release|Any CPU.Build.0 = Release|Any CPU
	EndGlobalSection
	GlobalSection(SolutionProperties) = preSolution
		HideSolutionNode = FALSE
	EndGlobalSection
	GlobalSection(ExtensibilityGlobals) = postSolution
		SolutionGuid = {32F4E5D1-5420-413A-A2E0-E3592473F724}
	EndGlobalSection
EndGlobal
